
Microsoft Visual Studio Solution File, Format Version 12.00
# Visual Studio 14
VisualStudioVersion = 14.0.25420.1
MinimumVisualStudioVersion = 10.0.40219.1
Project("{FAE04EC0-301F-11D3-BF4B-00C04F79EFBC}") = "citp180-week002", "citp180-week002\citp180-week002.csproj", "{E8D5F28A-55ED-48A5-BD5E-EF0A44AD60F4}"
EndProject
Global
	GlobalSection(SolutionConfigurationPlatforms) = preSolution
		Debug|Any CPU = Debug|Any CPU
		Release|Any CPU = Release|Any CPU
	EndGlobalSection
	GlobalSection(ProjectConfigurationPlatforms) = postSolution
		{E8D5F28A-55ED-48A5-BD5E-EF0A44AD60F4}.Debug|Any CPU.ActiveCfg = Debug|Any CPU
		{E8D5F28A-55ED-48A5-BD5E-EF0A44AD60F4}.Debug|Any CPU.Build.0 = Debug|Any CPU
		{E8D5F28A-55ED-48A5-BD5E-EF0A44AD60F4}.Release|Any CPU.ActiveCfg = Release|Any CPU
		{E8D5F28A-55ED-48A5-BD5E-EF0A44AD60F4}.Release|Any CPU.Build.0 = Release|Any CPU
	EndGlobalSection
	GlobalSection(SolutionProperties) = preSolution
		HideSolutionNode = FALSE
	EndGlobalSection
EndGlobal
